
Microsoft Visual Studio Solution File, Format Version 12.00
# Visual Studio Version 17
VisualStudioVersion = 17.9.34701.34
MinimumVisualStudioVersion = 10.0.40219.1
Project("{9A19103F-16F7-4668-BE54-9A1E7A4F7556}") = "BulletinBoard", "BulletinBoard\BulletinBoard.csproj", "{F351D151-2A28-4E9C-AB91-B5CFA1B76EE2}"
EndProject
Project("{FAE04EC0-301F-11D3-BF4B-00C04F79EFBC}") = "BulettinBoardTests", "BulettinBoardTests\BulettinBoardTests.csproj", "{6AF243E1-37DE-4BF5-9CB4-B5DC59343553}"
EndProject
Global
	GlobalSection(SolutionConfigurationPlatforms) = preSolution
		Debug|Any CPU = Debug|Any CPU
		Release|Any CPU = Release|Any CPU
	EndGlobalSection
	GlobalSection(ProjectConfigurationPlatforms) = postSolution
		{F351D151-2A28-4E9C-AB91-B5CFA1B76EE2}.Debug|Any CPU.ActiveCfg = Debug|Any CPU
		{F351D151-2A28-4E9C-AB91-B5CFA1B76EE2}.Debug|Any CPU.Build.0 = Debug|Any CPU
		{F351D151-2A28-4E9C-AB91-B5CFA1B76EE2}.Release|Any CPU.ActiveCfg = Release|Any CPU
		{F351D151-2A28-4E9C-AB91-B5CFA1B76EE2}.Release|Any CPU.Build.0 = Release|Any CPU
		{6AF243E1-37DE-4BF5-9CB4-B5DC59343553}.Debug|Any CPU.ActiveCfg = Debug|Any CPU
		{6AF243E1-37DE-4BF5-9CB4-B5DC59343553}.Debug|Any CPU.Build.0 = Debug|Any CPU
		{6AF243E1-37DE-4BF5-9CB4-B5DC59343553}.Release|Any CPU.ActiveCfg = Release|Any CPU
		{6AF243E1-37DE-4BF5-9CB4-B5DC59343553}.Release|Any CPU.Build.0 = Release|Any CPU
	EndGlobalSection
	GlobalSection(SolutionProperties) = preSolution
		HideSolutionNode = FALSE
	EndGlobalSection
	GlobalSection(ExtensibilityGlobals) = postSolution
		SolutionGuid = {CB948875-0A3D-4DE6-8055-D81E6947EA60}
	EndGlobalSection
EndGlobal
